
Microsoft Visual Studio Solution File, Format Version 12.00
# Visual Studio Version 17
VisualStudioVersion = 17.0.31903.59
MinimumVisualStudioVersion = 10.0.40219.1
Project("{2150E333-8FDC-42A3-9474-1A3956D46DE8}") = "src", "src", "{8BC9CEB8-8B4A-11D0-8D11-00A0C91BC942}"
EndProject
Project("{2150E333-8FDC-42A3-9474-1A3956D46DE8}") = "tests", "tests", "{E07B9E16-8B4A-11D0-8D11-00A0C91BC942}"
EndProject
Project("{FAE04EC0-301F-11D3-BF4B-00C04F79EFBC}") = "MMV.Domain", "src\MMV.Domain\MMV.Domain.csproj", "{A1234567-0001-0000-0000-000000000001}"
EndProject
Project("{FAE04EC0-301F-11D3-BF4B-00C04F79EFBC}") = "MMV.Infrastructure", "src\MMV.Infrastructure\MMV.Infrastructure.csproj", "{A1234567-0002-0000-0000-000000000002}"
EndProject
Project("{FAE04EC0-301F-11D3-BF4B-00C04F79EFBC}") = "MMV.App", "src\MMV.App\MMV.App.csproj", "{A1234567-0003-0000-0000-000000000003}"
EndProject
Project("{FAE04EC0-301F-11D3-BF4B-00C04F79EFBC}") = "MMV.Application", "src\MMV.Application\MMV.Application.csproj", "{A1234567-0005-0000-0000-000000000005}"
EndProject
Project("{FAE04EC0-301F-11D3-BF4B-00C04F79EFBC}") = "MMV.Domain.Tests", "tests\MMV.Domain.Tests\MMV.Domain.Tests.csproj", "{A1234567-0004-0000-0000-000000000004}"
EndProject
Project("{FAE04EC0-301F-11D3-BF4B-00C04F79EFBC}") = "MMV.App.Tests", "tests\MMV.App.Tests\MMV.App.Tests.csproj", "{166186CE-FCF6-4CA0-B07C-7606D822B6EC}"
EndProject
Project("{FAE04EC0-301F-11D3-BF4B-00C04F79EFBC}") = "MMV.Application.Tests", "tests\MMV.Application.Tests\MMV.Application.Tests.csproj", "{E96FD958-B4E9-4247-ADCD-C17972B86E4B}"
EndProject
Project("{FAE04EC0-301F-11D3-BF4B-00C04F79EFBC}") = "MMV.Infrastructure.PostgreSQL.Migrations", "src\MMV.Infrastructure.PostgreSQL.Migrations\MMV.Infrastructure.PostgreSQL.Migrations.csproj", "{584A2840-B060-4C6D-BBC3-C68B773A57B2}"
EndProject
Project("{FAE04EC0-301F-11D3-BF4B-00C04F79EFBC}") = "MMV.Infrastructure.PostgreSQL.IntegrationTests", "tests\MMV.Infrastructure.PostgreSQL.IntegrationTests\MMV.Infrastructure.PostgreSQL.IntegrationTests.csproj", "{BDA45EEF-ACDB-4E5C-B235-8E9644E533AD}"
EndProject
Project("{FAE04EC0-301F-11D3-BF4B-00C04F79EFBC}") = "MMV.DatabaseManager", "src\MMV.DatabaseManager\MMV.DatabaseManager.csproj", "{8CCA5761-F353-47FE-8D32-0B4EBDBDC52C}"
EndProject
Project("{FAE04EC0-301F-11D3-BF4B-00C04F79EFBC}") = "MMV.DatabaseManager.Tests", "tests\MMV.DatabaseManager.Tests\MMV.DatabaseManager.Tests.csproj", "{1D58B16B-5D79-4D40-A5F7-77B4C1CF5DE8}"
EndProject
Project("{FAE04EC0-301F-11D3-BF4B-00C04F79EFBC}") = "MMV.MultiProcess.Worker", "tests\MMV.MultiProcess.Worker\MMV.MultiProcess.Worker.csproj", "{3374BA00-3FD5-4177-8814-F7AFF0331E08}"
EndProject
Global
	GlobalSection(SolutionConfigurationPlatforms) = preSolution
		Debug|Any CPU = Debug|Any CPU
		Debug|x64 = Debug|x64
		Debug|x86 = Debug|x86
		Release|Any CPU = Release|Any CPU
		Release|x64 = Release|x64
		Release|x86 = Release|x86
	EndGlobalSection
	GlobalSection(ProjectConfigurationPlatforms) = postSolution
		{A1234567-0001-0000-0000-000000000001}.Debug|Any CPU.ActiveCfg = Debug|Any CPU
		{A1234567-0001-0000-0000-000000000001}.Debug|Any CPU.Build.0 = Debug|Any CPU
		{A1234567-0001-0000-0000-000000000001}.Debug|x64.ActiveCfg = Debug|Any CPU
		{A1234567-0001-0000-0000-000000000001}.Debug|x64.Build.0 = Debug|Any CPU
		{A1234567-0001-0000-0000-000000000001}.Debug|x86.ActiveCfg = Debug|Any CPU
		{A1234567-0001-0000-0000-000000000001}.Debug|x86.Build.0 = Debug|Any CPU
		{A1234567-0001-0000-0000-000000000001}.Release|Any CPU.ActiveCfg = Release|Any CPU
		{A1234567-0001-0000-0000-000000000001}.Release|Any CPU.Build.0 = Release|Any CPU
		{A1234567-0001-0000-0000-000000000001}.Release|x64.ActiveCfg = Release|Any CPU
		{A1234567-0001-0000-0000-000000000001}.Release|x64.Build.0 = Release|Any CPU
		{A1234567-0001-0000-0000-000000000001}.Release|x86.ActiveCfg = Release|Any CPU
		{A1234567-0001-0000-0000-000000000001}.Release|x86.Build.0 = Release|Any CPU
		{A1234567-0002-0000-0000-000000000002}.Debug|Any CPU.ActiveCfg = Debug|Any CPU
		{A1234567-0002-0000-0000-000000000002}.Debug|Any CPU.Build.0 = Debug|Any CPU
		{A1234567-0002-0000-0000-000000000002}.Debug|x64.ActiveCfg = Debug|Any CPU
		{A1234567-0002-0000-0000-000000000002}.Debug|x64.Build.0 = Debug|Any CPU
		{A1234567-0002-0000-0000-000000000002}.Debug|x86.ActiveCfg = Debug|Any CPU
		{A1234567-0002-0000-0000-000000000002}.Debug|x86.Build.0 = Debug|Any CPU
		{A1234567-0002-0000-0000-000000000002}.Release|Any CPU.ActiveCfg = Release|Any CPU
		{A1234567-0002-0000-0000-000000000002}.Release|Any CPU.Build.0 = Release|Any CPU
		{A1234567-0002-0000-0000-000000000002}.Release|x64.ActiveCfg = Release|Any CPU
		{A1234567-0002-0000-0000-000000000002}.Release|x64.Build.0 = Release|Any CPU
		{A1234567-0002-0000-0000-000000000002}.Release|x86.ActiveCfg = Release|Any CPU
		{A1234567-0002-0000-0000-000000000002}.Release|x86.Build.0 = Release|Any CPU
		{A1234567-0003-0000-0000-000000000003}.Debug|Any CPU.ActiveCfg = Debug|Any CPU
		{A1234567-0003-0000-0000-000000000003}.Debug|Any CPU.Build.0 = Debug|Any CPU
		{A1234567-0003-0000-0000-000000000003}.Debug|x64.ActiveCfg = Debug|Any CPU
		{A1234567-0003-0000-0000-000000000003}.Debug|x64.Build.0 = Debug|Any CPU
		{A1234567-0003-0000-0000-000000000003}.Debug|x86.ActiveCfg = Debug|Any CPU
		{A1234567-0003-0000-0000-000000000003}.Debug|x86.Build.0 = Debug|Any CPU
		{A1234567-0003-0000-0000-000000000003}.Release|Any CPU.ActiveCfg = Release|Any CPU
		{A1234567-0003-0000-0000-000000000003}.Release|Any CPU.Build.0 = Release|Any CPU
		{A1234567-0003-0000-0000-000000000003}.Release|x64.ActiveCfg = Release|Any CPU
		{A1234567-0003-0000-0000-000000000003}.Release|x64.Build.0 = Release|Any CPU
		{A1234567-0003-0000-0000-000000000003}.Release|x86.ActiveCfg = Release|Any CPU
		{A1234567-0003-0000-0000-000000000003}.Release|x86.Build.0 = Release|Any CPU
		{A1234567-0005-0000-0000-000000000005}.Debug|Any CPU.ActiveCfg = Debug|Any CPU
		{A1234567-0005-0000-0000-000000000005}.Debug|Any CPU.Build.0 = Debug|Any CPU
		{A1234567-0005-0000-0000-000000000005}.Debug|x64.ActiveCfg = Debug|Any CPU
		{A1234567-0005-0000-0000-000000000005}.Debug|x64.Build.0 = Debug|Any CPU
		{A1234567-0005-0000-0000-000000000005}.Debug|x86.ActiveCfg = Debug|Any CPU
		{A1234567-0005-0000-0000-000000000005}.Debug|x86.Build.0 = Debug|Any CPU
		{A1234567-0005-0000-0000-000000000005}.Release|Any CPU.ActiveCfg = Release|Any CPU
		{A1234567-0005-0000-0000-000000000005}.Release|Any CPU.Build.0 = Release|Any CPU
		{A1234567-0005-0000-0000-000000000005}.Release|x64.ActiveCfg = Release|Any CPU
		{A1234567-0005-0000-0000-000000000005}.Release|x64.Build.0 = Release|Any CPU
		{A1234567-0005-0000-0000-000000000005}.Release|x86.ActiveCfg = Release|Any CPU
		{A1234567-0005-0000-0000-000000000005}.Release|x86.Build.0 = Release|Any CPU
		{A1234567-0004-0000-0000-000000000004}.Debug|Any CPU.ActiveCfg = Debug|Any CPU
		{A1234567-0004-0000-0000-000000000004}.Debug|Any CPU.Build.0 = Debug|Any CPU
		{A1234567-0004-0000-0000-000000000004}.Debug|x64.ActiveCfg = Debug|Any CPU
		{A1234567-0004-0000-0000-000000000004}.Debug|x64.Build.0 = Debug|Any CPU
		{A1234567-0004-0000-0000-000000000004}.Debug|x86.ActiveCfg = Debug|Any CPU
		{A1234567-0004-0000-0000-000000000004}.Debug|x86.Build.0 = Debug|Any CPU
		{A1234567-0004-0000-0000-000000000004}.Release|Any CPU.ActiveCfg = Release|Any CPU
		{A1234567-0004-0000-0000-000000000004}.Release|Any CPU.Build.0 = Release|Any CPU
		{A1234567-0004-0000-0000-000000000004}.Release|x64.ActiveCfg = Release|Any CPU
		{A1234567-0004-0000-0000-000000000004}.Release|x64.Build.0 = Release|Any CPU
		{A1234567-0004-0000-0000-000000000004}.Release|x86.ActiveCfg = Release|Any CPU
		{A1234567-0004-0000-0000-000000000004}.Release|x86.Build.0 = Release|Any CPU
		{166186CE-FCF6-4CA0-B07C-7606D822B6EC}.Debug|Any CPU.ActiveCfg = Debug|Any CPU
		{166186CE-FCF6-4CA0-B07C-7606D822B6EC}.Debug|Any CPU.Build.0 = Debug|Any CPU
		{166186CE-FCF6-4CA0-B07C-7606D822B6EC}.Debug|x64.ActiveCfg = Debug|Any CPU
		{166186CE-FCF6-4CA0-B07C-7606D822B6EC}.Debug|x64.Build.0 = Debug|Any CPU
		{166186CE-FCF6-4CA0-B07C-7606D822B6EC}.Debug|x86.ActiveCfg = Debug|Any CPU
		{166186CE-FCF6-4CA0-B07C-7606D822B6EC}.Debug|x86.Build.0 = Debug|Any CPU
		{166186CE-FCF6-4CA0-B07C-7606D822B6EC}.Release|Any CPU.ActiveCfg = Release|Any CPU
		{166186CE-FCF6-4CA0-B07C-7606D822B6EC}.Release|Any CPU.Build.0 = Release|Any CPU
		{166186CE-FCF6-4CA0-B07C-7606D822B6EC}.Release|x64.ActiveCfg = Release|Any CPU
		{166186CE-FCF6-4CA0-B07C-7606D822B6EC}.Release|x64.Build.0 = Release|Any CPU
		{166186CE-FCF6-4CA0-B07C-7606D822B6EC}.Release|x86.ActiveCfg = Release|Any CPU
		{166186CE-FCF6-4CA0-B07C-7606D822B6EC}.Release|x86.Build.0 = Release|Any CPU
		{E96FD958-B4E9-4247-ADCD-C17972B86E4B}.Debug|Any CPU.ActiveCfg = Debug|Any CPU
		{E96FD958-B4E9-4247-ADCD-C17972B86E4B}.Debug|Any CPU.Build.0 = Debug|Any CPU
		{E96FD958-B4E9-4247-ADCD-C17972B86E4B}.Debug|x64.ActiveCfg = Debug|Any CPU
		{E96FD958-B4E9-4247-ADCD-C17972B86E4B}.Debug|x64.Build.0 = Debug|Any CPU
		{E96FD958-B4E9-4247-ADCD-C17972B86E4B}.Debug|x86.ActiveCfg = Debug|Any CPU
		{E96FD958-B4E9-4247-ADCD-C17972B86E4B}.Debug|x86.Build.0 = Debug|Any CPU
		{E96FD958-B4E9-4247-ADCD-C17972B86E4B}.Release|Any CPU.ActiveCfg = Release|Any CPU
		{E96FD958-B4E9-4247-ADCD-C17972B86E4B}.Release|Any CPU.Build.0 = Release|Any CPU
		{E96FD958-B4E9-4247-ADCD-C17972B86E4B}.Release|x64.ActiveCfg = Release|Any CPU
		{E96FD958-B4E9-4247-ADCD-C17972B86E4B}.Release|x64.Build.0 = Release|Any CPU
		{E96FD958-B4E9-4247-ADCD-C17972B86E4B}.Release|x86.ActiveCfg = Release|Any CPU
		{E96FD958-B4E9-4247-ADCD-C17972B86E4B}.Release|x86.Build.0 = Release|Any CPU
		{584A2840-B060-4C6D-BBC3-C68B773A57B2}.Debug|Any CPU.ActiveCfg = Debug|Any CPU
		{584A2840-B060-4C6D-BBC3-C68B773A57B2}.Debug|Any CPU.Build.0 = Debug|Any CPU
		{584A2840-B060-4C6D-BBC3-C68B773A57B2}.Debug|x64.ActiveCfg = Debug|Any CPU
		{584A2840-B060-4C6D-BBC3-C68B773A57B2}.Debug|x64.Build.0 = Debug|Any CPU
		{584A2840-B060-4C6D-BBC3-C68B773A57B2}.Debug|x86.ActiveCfg = Debug|Any CPU
		{584A2840-B060-4C6D-BBC3-C68B773A57B2}.Debug|x86.Build.0 = Debug|Any CPU
		{584A2840-B060-4C6D-BBC3-C68B773A57B2}.Release|Any CPU.ActiveCfg = Release|Any CPU
		{584A2840-B060-4C6D-BBC3-C68B773A57B2}.Release|Any CPU.Build.0 = Release|Any CPU
		{584A2840-B060-4C6D-BBC3-C68B773A57B2}.Release|x64.ActiveCfg = Release|Any CPU
		{584A2840-B060-4C6D-BBC3-C68B773A57B2}.Release|x64.Build.0 = Release|Any CPU
		{584A2840-B060-4C6D-BBC3-C68B773A57B2}.Release|x86.ActiveCfg = Release|Any CPU
		{584A2840-B060-4C6D-BBC3-C68B773A57B2}.Release|x86.Build.0 = Release|Any CPU
		{BDA45EEF-ACDB-4E5C-B235-8E9644E533AD}.Debug|Any CPU.ActiveCfg = Debug|Any CPU
		{BDA45EEF-ACDB-4E5C-B235-8E9644E533AD}.Debug|Any CPU.Build.0 = Debug|Any CPU
		{BDA45EEF-ACDB-4E5C-B235-8E9644E533AD}.Debug|x64.ActiveCfg = Debug|Any CPU
		{BDA45EEF-ACDB-4E5C-B235-8E9644E533AD}.Debug|x64.Build.0 = Debug|Any CPU
		{BDA45EEF-ACDB-4E5C-B235-8E9644E533AD}.Debug|x86.ActiveCfg = Debug|Any CPU
		{BDA45EEF-ACDB-4E5C-B235-8E9644E533AD}.Debug|x86.Build.0 = Debug|Any CPU
		{BDA45EEF-ACDB-4E5C-B235-8E9644E533AD}.Release|Any CPU.ActiveCfg = Release|Any CPU
		{BDA45EEF-ACDB-4E5C-B235-8E9644E533AD}.Release|Any CPU.Build.0 = Release|Any CPU
		{BDA45EEF-ACDB-4E5C-B235-8E9644E533AD}.Release|x64.ActiveCfg = Release|Any CPU
		{BDA45EEF-ACDB-4E5C-B235-8E9644E533AD}.Release|x64.Build.0 = Release|Any CPU
		{BDA45EEF-ACDB-4E5C-B235-8E9644E533AD}.Release|x86.ActiveCfg = Release|Any CPU
		{BDA45EEF-ACDB-4E5C-B235-8E9644E533AD}.Release|x86.Build.0 = Release|Any CPU
		{8CCA5761-F353-47FE-8D32-0B4EBDBDC52C}.Debug|Any CPU.ActiveCfg = Debug|Any CPU
		{8CCA5761-F353-47FE-8D32-0B4EBDBDC52C}.Debug|Any CPU.Build.0 = Debug|Any CPU
		{8CCA5761-F353-47FE-8D32-0B4EBDBDC52C}.Debug|x64.ActiveCfg = Debug|Any CPU
		{8CCA5761-F353-47FE-8D32-0B4EBDBDC52C}.Debug|x64.Build.0 = Debug|Any CPU
		{8CCA5761-F353-47FE-8D32-0B4EBDBDC52C}.Debug|x86.ActiveCfg = Debug|Any CPU
		{8CCA5761-F353-47FE-8D32-0B4EBDBDC52C}.Debug|x86.Build.0 = Debug|Any CPU
		{8CCA5761-F353-47FE-8D32-0B4EBDBDC52C}.Release|Any CPU.ActiveCfg = Release|Any CPU
		{8CCA5761-F353-47FE-8D32-0B4EBDBDC52C}.Release|Any CPU.Build.0 = Release|Any CPU
		{8CCA5761-F353-47FE-8D32-0B4EBDBDC52C}.Release|x64.ActiveCfg = Release|Any CPU
		{8CCA5761-F353-47FE-8D32-0B4EBDBDC52C}.Release|x64.Build.0 = Release|Any CPU
		{8CCA5761-F353-47FE-8D32-0B4EBDBDC52C}.Release|x86.ActiveCfg = Release|Any CPU
		{8CCA5761-F353-47FE-8D32-0B4EBDBDC52C}.Release|x86.Build.0 = Release|Any CPU
		{1D58B16B-5D79-4D40-A5F7-77B4C1CF5DE8}.Debug|Any CPU.ActiveCfg = Debug|Any CPU
		{1D58B16B-5D79-4D40-A5F7-77B4C1CF5DE8}.Debug|Any CPU.Build.0 = Debug|Any CPU
		{1D58B16B-5D79-4D40-A5F7-77B4C1CF5DE8}.Debug|x64.ActiveCfg = Debug|Any CPU
		{1D58B16B-5D79-4D40-A5F7-77B4C1CF5DE8}.Debug|x64.Build.0 = Debug|Any CPU
		{1D58B16B-5D79-4D40-A5F7-77B4C1CF5DE8}.Debug|x86.ActiveCfg = Debug|Any CPU
		{1D58B16B-5D79-4D40-A5F7-77B4C1CF5DE8}.Debug|x86.Build.0 = Debug|Any CPU
		{1D58B16B-5D79-4D40-A5F7-77B4C1CF5DE8}.Release|Any CPU.ActiveCfg = Release|Any CPU
		{1D58B16B-5D79-4D40-A5F7-77B4C1CF5DE8}.Release|Any CPU.Build.0 = Release|Any CPU
		{1D58B16B-5D79-4D40-A5F7-77B4C1CF5DE8}.Release|x64.ActiveCfg = Release|Any CPU
		{1D58B16B-5D79-4D40-A5F7-77B4C1CF5DE8}.Release|x64.Build.0 = Release|Any CPU
		{1D58B16B-5D79-4D40-A5F7-77B4C1CF5DE8}.Release|x86.ActiveCfg = Release|Any CPU
		{1D58B16B-5D79-4D40-A5F7-77B4C1CF5DE8}.Release|x86.Build.0 = Release|Any CPU
		{3374BA00-3FD5-4177-8814-F7AFF0331E08}.Debug|Any CPU.ActiveCfg = Debug|Any CPU
		{3374BA00-3FD5-4177-8814-F7AFF0331E08}.Debug|Any CPU.Build.0 = Debug|Any CPU
		{3374BA00-3FD5-4177-8814-F7AFF0331E08}.Debug|x64.ActiveCfg = Debug|Any CPU
		{3374BA00-3FD5-4177-8814-F7AFF0331E08}.Debug|x64.Build.0 = Debug|Any CPU
		{3374BA00-3FD5-4177-8814-F7AFF0331E08}.Debug|x86.ActiveCfg = Debug|Any CPU
		{3374BA00-3FD5-4177-8814-F7AFF0331E08}.Debug|x86.Build.0 = Debug|Any CPU
		{3374BA00-3FD5-4177-8814-F7AFF0331E08}.Release|Any CPU.ActiveCfg = Release|Any CPU
		{3374BA00-3FD5-4177-8814-F7AFF0331E08}.Release|Any CPU.Build.0 = Release|Any CPU
		{3374BA00-3FD5-4177-8814-F7AFF0331E08}.Release|x64.ActiveCfg = Release|Any CPU
		{3374BA00-3FD5-4177-8814-F7AFF0331E08}.Release|x64.Build.0 = Release|Any CPU
		{3374BA00-3FD5-4177-8814-F7AFF0331E08}.Release|x86.ActiveCfg = Release|Any CPU
		{3374BA00-3FD5-4177-8814-F7AFF0331E08}.Release|x86.Build.0 = Release|Any CPU
	EndGlobalSection
	GlobalSection(SolutionProperties) = preSolution
		HideSolutionNode = FALSE
	EndGlobalSection
	GlobalSection(NestedProjects) = preSolution
		{A1234567-0001-0000-0000-000000000001} = {8BC9CEB8-8B4A-11D0-8D11-00A0C91BC942}
		{A1234567-0002-0000-0000-000000000002} = {8BC9CEB8-8B4A-11D0-8D11-00A0C91BC942}
		{A1234567-0003-0000-0000-000000000003} = {8BC9CEB8-8B4A-11D0-8D11-00A0C91BC942}
		{A1234567-0005-0000-0000-000000000005} = {8BC9CEB8-8B4A-11D0-8D11-00A0C91BC942}
		{A1234567-0004-0000-0000-000000000004} = {E07B9E16-8B4A-11D0-8D11-00A0C91BC942}
		{166186CE-FCF6-4CA0-B07C-7606D822B6EC} = {E07B9E16-8B4A-11D0-8D11-00A0C91BC942}
		{E96FD958-B4E9-4247-ADCD-C17972B86E4B} = {E07B9E16-8B4A-11D0-8D11-00A0C91BC942}
		{584A2840-B060-4C6D-BBC3-C68B773A57B2} = {8BC9CEB8-8B4A-11D0-8D11-00A0C91BC942}
		{BDA45EEF-ACDB-4E5C-B235-8E9644E533AD} = {E07B9E16-8B4A-11D0-8D11-00A0C91BC942}
		{8CCA5761-F353-47FE-8D32-0B4EBDBDC52C} = {8BC9CEB8-8B4A-11D0-8D11-00A0C91BC942}
		{1D58B16B-5D79-4D40-A5F7-77B4C1CF5DE8} = {E07B9E16-8B4A-11D0-8D11-00A0C91BC942}
		{3374BA00-3FD5-4177-8814-F7AFF0331E08} = {E07B9E16-8B4A-11D0-8D11-00A0C91BC942}
	EndGlobalSection
EndGlobal
